
Microsoft Visual Studio Solution File, Format Version 12.00
# Visual Studio 15
Project("{FAE04EC0-301F-11D3-BF4B-00C04F79EFBC}") = "Assembly-CSharp", "Assembly-CSharp.csproj", "{5C560DE3-0913-9022-187A-43325026AA06}"
EndProject
Project("{FAE04EC0-301F-11D3-BF4B-00C04F79EFBC}") = "Assembly-CSharp-Editor", "Assembly-CSharp-Editor.csproj", "{3612975C-1C13-A7C1-EE3A-EEC2ED01B761}"
EndProject
Global
	GlobalSection(SolutionConfigurationPlatforms) = preSolution
		Debug|Any CPU = Debug|Any CPU
		Release|Any CPU = Release|Any CPU
	EndGlobalSection
	GlobalSection(ProjectConfigurationPlatforms) = postSolution
		{5C560DE3-0913-9022-187A-43325026AA06}.Debug|Any CPU.ActiveCfg = Debug|Any CPU
		{5C560DE3-0913-9022-187A-43325026AA06}.Debug|Any CPU.Build.0 = Debug|Any CPU
		{5C560DE3-0913-9022-187A-43325026AA06}.Release|Any CPU.ActiveCfg = Release|Any CPU
		{5C560DE3-0913-9022-187A-43325026AA06}.Release|Any CPU.Build.0 = Release|Any CPU
		{3612975C-1C13-A7C1-EE3A-EEC2ED01B761}.Debug|Any CPU.ActiveCfg = Debug|Any CPU
		{3612975C-1C13-A7C1-EE3A-EEC2ED01B761}.Debug|Any CPU.Build.0 = Debug|Any CPU
		{3612975C-1C13-A7C1-EE3A-EEC2ED01B761}.Release|Any CPU.ActiveCfg = Release|Any CPU
		{3612975C-1C13-A7C1-EE3A-EEC2ED01B761}.Release|Any CPU.Build.0 = Release|Any CPU
	EndGlobalSection
	GlobalSection(SolutionProperties) = preSolution
		HideSolutionNode = FALSE
	EndGlobalSection
EndGlobal
